
Microsoft Visual Studio Solution File, Format Version 12.00
# Visual Studio 15
VisualStudioVersion = 15.0.28307.852
MinimumVisualStudioVersion = 10.0.40219.1
Project("{FAE04EC0-301F-11D3-BF4B-00C04F79EFBC}") = "TestGit", "TestGit\TestGit.csproj", "{F7246BB4-7ACE-4DEA-9ECE-A23A977311DA}"
EndProject
Global
	GlobalSection(SolutionConfigurationPlatforms) = preSolution
		Debug|Any CPU = Debug|Any CPU
		Release|Any CPU = Release|Any CPU
	EndGlobalSection
	GlobalSection(ProjectConfigurationPlatforms) = postSolution
		{F7246BB4-7ACE-4DEA-9ECE-A23A977311DA}.Debug|Any CPU.ActiveCfg = Debug|Any CPU
		{F7246BB4-7ACE-4DEA-9ECE-A23A977311DA}.Debug|Any CPU.Build.0 = Debug|Any CPU
		{F7246BB4-7ACE-4DEA-9ECE-A23A977311DA}.Release|Any CPU.ActiveCfg = Release|Any CPU
		{F7246BB4-7ACE-4DEA-9ECE-A23A977311DA}.Release|Any CPU.Build.0 = Release|Any CPU
	EndGlobalSection
	GlobalSection(SolutionProperties) = preSolution
		HideSolutionNode = FALSE
	EndGlobalSection
	GlobalSection(ExtensibilityGlobals) = postSolution
		SolutionGuid = {B507B8BA-DCE7-4483-B374-D091E4F07D6A}
	EndGlobalSection
EndGlobal
